
Microsoft Visual Studio Solution File, Format Version 12.00
# Visual Studio 14
VisualStudioVersion = 14.0.25420.1
MinimumVisualStudioVersion = 10.0.40219.1
Project("{FAE04EC0-301F-11D3-BF4B-00C04F79EFBC}") = "Barricades.Domaine", "Barricades.Domaine\Barricades.Domaine.csproj", "{2E264718-418D-477C-B780-25265F0BA4F6}"
EndProject
Project("{FAE04EC0-301F-11D3-BF4B-00C04F79EFBC}") = "Barricades.Domaine.Tests", "Barricades.Domaine.Tests\Barricades.Domaine.Tests.csproj", "{76FC0237-4881-4710-8E5F-A72073D9380A}"
EndProject
Project("{2150E333-8FDC-42A3-9474-1A3956D46DE8}") = "Solution Items", "Solution Items", "{3D428E90-1E3A-4F7B-99DF-3DB4F5755234}"
	ProjectSection(SolutionItems) = preProject
		Barricades.png = Barricades.png
		README.md = README.md
	EndProjectSection
EndProject
Global
	GlobalSection(SolutionConfigurationPlatforms) = preSolution
		Debug|Any CPU = Debug|Any CPU
		Release|Any CPU = Release|Any CPU
	EndGlobalSection
	GlobalSection(ProjectConfigurationPlatforms) = postSolution
		{2E264718-418D-477C-B780-25265F0BA4F6}.Debug|Any CPU.ActiveCfg = Debug|Any CPU
		{2E264718-418D-477C-B780-25265F0BA4F6}.Debug|Any CPU.Build.0 = Debug|Any CPU
		{2E264718-418D-477C-B780-25265F0BA4F6}.Release|Any CPU.ActiveCfg = Release|Any CPU
		{2E264718-418D-477C-B780-25265F0BA4F6}.Release|Any CPU.Build.0 = Release|Any CPU
		{76FC0237-4881-4710-8E5F-A72073D9380A}.Debug|Any CPU.ActiveCfg = Debug|Any CPU
		{76FC0237-4881-4710-8E5F-A72073D9380A}.Debug|Any CPU.Build.0 = Debug|Any CPU
		{76FC0237-4881-4710-8E5F-A72073D9380A}.Release|Any CPU.ActiveCfg = Release|Any CPU
		{76FC0237-4881-4710-8E5F-A72073D9380A}.Release|Any CPU.Build.0 = Release|Any CPU
	EndGlobalSection
	GlobalSection(SolutionProperties) = preSolution
		HideSolutionNode = FALSE
	EndGlobalSection
EndGlobal
